
# SPDX-License-Identifier: MIT
# Copyright 2021 Lukas <lumip> Prediger

Microsoft Visual Studio Solution File, Format Version 12.00
# Visual Studio Version 16
VisualStudioVersion = 16.0.30114.105
MinimumVisualStudioVersion = 10.0.40219.1
Project("{FAE04EC0-301F-11D3-BF4B-00C04F79EFBC}") = "AsyncCopyTo", "AsyncCopyTo\AsyncCopyTo.csproj", "{B7E96731-4DA0-4092-89B8-E2E96176A826}"
EndProject
Project("{FAE04EC0-301F-11D3-BF4B-00C04F79EFBC}") = "Tests", "Tests\Tests.csproj", "{6E7136C5-6B88-40A8-BB74-C6854A38D2FD}"
EndProject
Global
	GlobalSection(SolutionConfigurationPlatforms) = preSolution
		Debug|Any CPU = Debug|Any CPU
		Release|Any CPU = Release|Any CPU
	EndGlobalSection
	GlobalSection(SolutionProperties) = preSolution
		HideSolutionNode = FALSE
	EndGlobalSection
	GlobalSection(ProjectConfigurationPlatforms) = postSolution
		{B7E96731-4DA0-4092-89B8-E2E96176A826}.Debug|Any CPU.ActiveCfg = Debug|Any CPU
		{B7E96731-4DA0-4092-89B8-E2E96176A826}.Debug|Any CPU.Build.0 = Debug|Any CPU
		{B7E96731-4DA0-4092-89B8-E2E96176A826}.Release|Any CPU.ActiveCfg = Release|Any CPU
		{B7E96731-4DA0-4092-89B8-E2E96176A826}.Release|Any CPU.Build.0 = Release|Any CPU
		{6E7136C5-6B88-40A8-BB74-C6854A38D2FD}.Debug|Any CPU.ActiveCfg = Debug|Any CPU
		{6E7136C5-6B88-40A8-BB74-C6854A38D2FD}.Debug|Any CPU.Build.0 = Debug|Any CPU
		{6E7136C5-6B88-40A8-BB74-C6854A38D2FD}.Release|Any CPU.ActiveCfg = Release|Any CPU
		{6E7136C5-6B88-40A8-BB74-C6854A38D2FD}.Release|Any CPU.Build.0 = Release|Any CPU
	EndGlobalSection
EndGlobal
